<?xml version="1.0" encoding="UTF-8"?>
<Scheme
   version = "1.3">
   <BuildAction>
      <BuildActionEntries>
         <BuildActionEntry
            buildForRunning = "YES">
            <BuildableReference
               BuildableIdentifier = "primary"
               BlueprintIdentifier = "59A95EE3D52DB5AE8A4C0D2F"
               BuildableName = "DemoSlider.app"
               BlueprintName = "DemoSlider"
               ReferencedContainer = "container:DemoSlider.xcodeproj">
            </BuildableReference>
         </BuildActionEntry>
      </BuildActionEntries>
   </BuildAction>
   <LaunchAction
      useCustomWorkingDirectory = "NO"
      buildConfiguration = "Debug"
      allowLocationSimulation = "YES">
      <BuildableProductRunnable>
         <BuildableReference
            BuildableIdentifier = "primary"
            BlueprintIdentifier = "59A95EE3D52DB5AE8A4C0D2F"
            BuildableName = "DemoSlider.app"
            BlueprintName = "DemoSlider"
            ReferencedContainer = "container:DemoSlider.xcodeproj">
         </BuildableReference>
      </BuildableProductRunnable>
   </LaunchAction>
</Scheme>
